
Microsoft Visual Studio Solution File, Format Version 12.00
# Visual Studio Version 17
VisualStudioVersion = 17.6.33815.320
MinimumVisualStudioVersion = 10.0.40219.1
Project("{FAE04EC0-301F-11D3-BF4B-00C04F79EFBC}") = "FissionFiles", "FissionFiles\FissionFiles.csproj", "{364B5FD8-D1AF-4B31-B950-041ED7DE5233}"
EndProject
Global
	GlobalSection(SolutionConfigurationPlatforms) = preSolution
		Debug|Any CPU = Debug|Any CPU
		Release|Any CPU = Release|Any CPU
	EndGlobalSection
	GlobalSection(ProjectConfigurationPlatforms) = postSolution
		{364B5FD8-D1AF-4B31-B950-041ED7DE5233}.Debug|Any CPU.ActiveCfg = Debug|Any CPU
		{364B5FD8-D1AF-4B31-B950-041ED7DE5233}.Debug|Any CPU.Build.0 = Debug|Any CPU
		{364B5FD8-D1AF-4B31-B950-041ED7DE5233}.Release|Any CPU.ActiveCfg = Release|Any CPU
		{364B5FD8-D1AF-4B31-B950-041ED7DE5233}.Release|Any CPU.Build.0 = Release|Any CPU
	EndGlobalSection
	GlobalSection(SolutionProperties) = preSolution
		HideSolutionNode = FALSE
	EndGlobalSection
	GlobalSection(ExtensibilityGlobals) = postSolution
		SolutionGuid = {9CD96BF0-A59A-494D-AD91-3255EF972BE0}
	EndGlobalSection
EndGlobal
